// !$*UTF8*$!
{
	archiveVersion = 1;
	classes = {
	};
	objectVersion = 56;
	objects = {

/* Begin PBXBuildFile section */
		847E2B662C7EF88800BFA685 /* OnboardingModel.swift in Sources */ = {isa = PBXBuildFile; fileRef = 847E2B652C7EF88800BFA685 /* OnboardingModel.swift */; };
		847E2B692C7EFD3E00BFA685 /* UIExtension.swift in Sources */ = {isa = PBXBuildFile; fileRef = 847E2B682C7EFD3E00BFA685 /* UIExtension.swift */; };
		84EB36872C7DF99F008C8DAE /* E_commerce_UIApp.swift in Sources */ = {isa = PBXBuildFile; fileRef = 84EB36862C7DF99F008C8DAE /* E_commerce_UIApp.swift */; };
		84EB368B2C7DF9A2008C8DAE /* Assets.xcassets in Resources */ = {isa = PBXBuildFile; fileRef = 84EB368A2C7DF9A2008C8DAE /* Assets.xcassets */; };
		84EB368E2C7DF9A2008C8DAE /* Preview Assets.xcassets in Resources */ = {isa = PBXBuildFile; fileRef = 84EB368D2C7DF9A2008C8DAE /* Preview Assets.xcassets */; };
		84EB36982C7DF9A2008C8DAE /* E_commerce_UITests.swift in Sources */ = {isa = PBXBuildFile; fileRef = 84EB36972C7DF9A2008C8DAE /* E_commerce_UITests.swift */; };
		84EB36A22C7DF9A2008C8DAE /* E_commerce_UIUITests.swift in Sources */ = {isa = PBXBuildFile; fileRef = 84EB36A12C7DF9A2008C8DAE /* E_commerce_UIUITests.swift */; };
		84EB36A42C7DF9A2008C8DAE /* E_commerce_UIUITestsLaunchTests.swift in Sources */ = {isa = PBXBuildFile; fileRef = 84EB36A32C7DF9A2008C8DAE /* E_commerce_UIUITestsLaunchTests.swift */; };
		84EB36B42C7DFE96008C8DAE /* CategoryModel.swift in Sources */ = {isa = PBXBuildFile; fileRef = 84EB36B32C7DFE96008C8DAE /* CategoryModel.swift */; };
		84EB36B62C7E018F008C8DAE /* ProductItemModel.swift in Sources */ = {isa = PBXBuildFile; fileRef = 84EB36B52C7E018F008C8DAE /* ProductItemModel.swift */; };
		84EB36B82C7E01DA008C8DAE /* OrderProductModel.swift in Sources */ = {isa = PBXBuildFile; fileRef = 84EB36B72C7E01DA008C8DAE /* OrderProductModel.swift */; };
		84EB36BA2C7E03E7008C8DAE /* ProductViewModel.swift in Sources */ = {isa = PBXBuildFile; fileRef = 84EB36B92C7E03E7008C8DAE /* ProductViewModel.swift */; };
		84EB36BE2C7E301D008C8DAE /* HomeScreenView.swift in Sources */ = {isa = PBXBuildFile; fileRef = 84EB36BD2C7E301D008C8DAE /* HomeScreenView.swift */; };
		84EB36C02C7E302F008C8DAE /* MyOrderScreenView.swift in Sources */ = {isa = PBXBuildFile; fileRef = 84EB36BF2C7E302F008C8DAE /* MyOrderScreenView.swift */; };
		84EB36C22C7E303F008C8DAE /* FavoriteScreenView.swift in Sources */ = {isa = PBXBuildFile; fileRef = 84EB36C12C7E303F008C8DAE /* FavoriteScreenView.swift */; };
		84EB36C42C7E304E008C8DAE /* ProfileScreenView.swift in Sources */ = {isa = PBXBuildFile; fileRef = 84EB36C32C7E304E008C8DAE /* ProfileScreenView.swift */; };
		84EB36CC2C7E31A3008C8DAE /* RegisterScreenView.swift in Sources */ = {isa = PBXBuildFile; fileRef = 84EB36CB2C7E31A3008C8DAE /* RegisterScreenView.swift */; };
		84EB36CE2C7E320A008C8DAE /* onboardingScreenView.swift in Sources */ = {isa = PBXBuildFile; fileRef = 84EB36CD2C7E320A008C8DAE /* onboardingScreenView.swift */; };
		84EB36D02C7E3249008C8DAE /* MainScreenView.swift in Sources */ = {isa = PBXBuildFile; fileRef = 84EB36CF2C7E3249008C8DAE /* MainScreenView.swift */; };
/* End PBXBuildFile section */

/* Begin PBXContainerItemProxy section */
		84EB36942C7DF9A2008C8DAE /* PBXContainerItemProxy */ = {
			isa = PBXContainerItemProxy;
			containerPortal = 84EB367B2C7DF99F008C8DAE /* Project object */;
			proxyType = 1;
			remoteGlobalIDString = 84EB36822C7DF99F008C8DAE;
			remoteInfo = "E-commerce-UI";
		};
		84EB369E2C7DF9A2008C8DAE /* PBXContainerItemProxy */ = {
			isa = PBXContainerItemProxy;
			containerPortal = 84EB367B2C7DF99F008C8DAE /* Project object */;
			proxyType = 1;
			remoteGlobalIDString = 84EB36822C7DF99F008C8DAE;
			remoteInfo = "E-commerce-UI";
		};
/* End PBXContainerItemProxy section */

/* Begin PBXFileReference section */
		847E2B652C7EF88800BFA685 /* OnboardingModel.swift */ = {isa = PBXFileReference; lastKnownFileType = sourcecode.swift; path = OnboardingModel.swift; sourceTree = "<group>"; };
		847E2B682C7EFD3E00BFA685 /* UIExtension.swift */ = {isa = PBXFileReference; lastKnownFileType = sourcecode.swift; path = UIExtension.swift; sourceTree = "<group>"; };
		84EB36832C7DF99F008C8DAE /* E-commerce-UI.app */ = {isa = PBXFileReference; explicitFileType = wrapper.application; includeInIndex = 0; path = "E-commerce-UI.app"; sourceTree = BUILT_PRODUCTS_DIR; };
		84EB36862C7DF99F008C8DAE /* E_commerce_UIApp.swift */ = {isa = PBXFileReference; lastKnownFileType = sourcecode.swift; path = E_commerce_UIApp.swift; sourceTree = "<group>"; };
		84EB368A2C7DF9A2008C8DAE /* Assets.xcassets */ = {isa = PBXFileReference; lastKnownFileType = folder.assetcatalog; path = Assets.xcassets; sourceTree = "<group>"; };
		84EB368D2C7DF9A2008C8DAE /* Preview Assets.xcassets */ = {isa = PBXFileReference; lastKnownFileType = folder.assetcatalog; path = "Preview Assets.xcassets"; sourceTree = "<group>"; };
		84EB36932C7DF9A2008C8DAE /* E-commerce-UITests.xctest */ = {isa = PBXFileReference; explicitFileType = wrapper.cfbundle; includeInIndex = 0; path = "E-commerce-UITests.xctest"; sourceTree = BUILT_PRODUCTS_DIR; };
		84EB36972C7DF9A2008C8DAE /* E_commerce_UITests.swift */ = {isa = PBXFileReference; lastKnownFileType = sourcecode.swift; path = E_commerce_UITests.swift; sourceTree = "<group>"; };
		84EB369D2C7DF9A2008C8DAE /* E-commerce-UIUITests.xctest */ = {isa = PBXFileReference; explicitFileType = wrapper.cfbundle; includeInIndex = 0; path = "E-commerce-UIUITests.xctest"; sourceTree = BUILT_PRODUCTS_DIR; };
		84EB36A12C7DF9A2008C8DAE /* E_commerce_UIUITests.swift */ = {isa = PBXFileReference; lastKnownFileType = sourcecode.swift; path = E_commerce_UIUITests.swift; sourceTree = "<group>"; };
		84EB36A32C7DF9A2008C8DAE /* E_commerce_UIUITestsLaunchTests.swift */ = {isa = PBXFileReference; lastKnownFileType = sourcecode.swift; path = E_commerce_UIUITestsLaunchTests.swift; sourceTree = "<group>"; };
		84EB36B32C7DFE96008C8DAE /* CategoryModel.swift */ = {isa = PBXFileReference; lastKnownFileType = sourcecode.swift; path = CategoryModel.swift; sourceTree = "<group>"; };
		84EB36B52C7E018F008C8DAE /* ProductItemModel.swift */ = {isa = PBXFileReference; lastKnownFileType = sourcecode.swift; path = ProductItemModel.swift; sourceTree = "<group>"; };
		84EB36B72C7E01DA008C8DAE /* OrderProductModel.swift */ = {isa = PBXFileReference; lastKnownFileType = sourcecode.swift; path = OrderProductModel.swift; sourceTree = "<group>"; };
		84EB36B92C7E03E7008C8DAE /* ProductViewModel.swift */ = {isa = PBXFileReference; lastKnownFileType = sourcecode.swift; path = ProductViewModel.swift; sourceTree = "<group>"; };
		84EB36BD2C7E301D008C8DAE /* HomeScreenView.swift */ = {isa = PBXFileReference; lastKnownFileType = sourcecode.swift; path = HomeScreenView.swift; sourceTree = "<group>"; };
		84EB36BF2C7E302F008C8DAE /* MyOrderScreenView.swift */ = {isa = PBXFileReference; lastKnownFileType = sourcecode.swift; path = MyOrderScreenView.swift; sourceTree = "<group>"; };
		84EB36C12C7E303F008C8DAE /* FavoriteScreenView.swift */ = {isa = PBXFileReference; lastKnownFileType = sourcecode.swift; path = FavoriteScreenView.swift; sourceTree = "<group>"; };
		84EB36C32C7E304E008C8DAE /* ProfileScreenView.swift */ = {isa = PBXFileReference; lastKnownFileType = sourcecode.swift; path = ProfileScreenView.swift; sourceTree = "<group>"; };
		84EB36CB2C7E31A3008C8DAE /* RegisterScreenView.swift */ = {isa = PBXFileReference; lastKnownFileType = sourcecode.swift; path = RegisterScreenView.swift; sourceTree = "<group>"; };
		84EB36CD2C7E320A008C8DAE /* onboardingScreenView.swift */ = {isa = PBXFileReference; lastKnownFileType = sourcecode.swift; path = onboardingScreenView.swift; sourceTree = "<group>"; };
		84EB36CF2C7E3249008C8DAE /* MainScreenView.swift */ = {isa = PBXFileReference; lastKnownFileType = sourcecode.swift; path = MainScreenView.swift; sourceTree = "<group>"; };
/* End PBXFileReference section */

/* Begin PBXFrameworksBuildPhase section */
		84EB36802C7DF99F008C8DAE /* Frameworks */ = {
			isa = PBXFrameworksBuildPhase;
			buildActionMask = 2147483647;
			files = (
			);
			runOnlyForDeploymentPostprocessing = 0;
		};
		84EB36902C7DF9A2008C8DAE /* Frameworks */ = {
			isa = PBXFrameworksBuildPhase;
			buildActionMask = 2147483647;
			files = (
			);
			runOnlyForDeploymentPostprocessing = 0;
		};
		84EB369A2C7DF9A2008C8DAE /* Frameworks */ = {
			isa = PBXFrameworksBuildPhase;
			buildActionMask = 2147483647;
			files = (
			);
			runOnlyForDeploymentPostprocessing = 0;
		};
/* End PBXFrameworksBuildPhase section */

/* Begin PBXGroup section */
		847E2B672C7EFD2900BFA685 /* UICommon */ = {
			isa = PBXGroup;
			children = (
				847E2B682C7EFD3E00BFA685 /* UIExtension.swift */,
			);
			path = UICommon;
			sourceTree = "<group>";
		};
		84EB367A2C7DF99F008C8DAE = {
			isa = PBXGroup;
			children = (
				84EB36852C7DF99F008C8DAE /* E-commerce-UI */,
				84EB36962C7DF9A2008C8DAE /* E-commerce-UITests */,
				84EB36A02C7DF9A2008C8DAE /* E-commerce-UIUITests */,
				84EB36842C7DF99F008C8DAE /* Products */,
			);
			sourceTree = "<group>";
		};
		84EB36842C7DF99F008C8DAE /* Products */ = {
			isa = PBXGroup;
			children = (
				84EB36832C7DF99F008C8DAE /* E-commerce-UI.app */,
				84EB36932C7DF9A2008C8DAE /* E-commerce-UITests.xctest */,
				84EB369D2C7DF9A2008C8DAE /* E-commerce-UIUITests.xctest */,
			);
			name = Products;
			sourceTree = "<group>";
		};
		84EB36852C7DF99F008C8DAE /* E-commerce-UI */ = {
			isa = PBXGroup;
			children = (
				847E2B672C7EFD2900BFA685 /* UICommon */,
				84EB36B22C7DFA42008C8DAE /* View */,
				84EB36B12C7DFA3B008C8DAE /* Viewmodel */,
				84EB36B02C7DFA33008C8DAE /* Model */,
				84EB36862C7DF99F008C8DAE /* E_commerce_UIApp.swift */,
				84EB368A2C7DF9A2008C8DAE /* Assets.xcassets */,
				84EB368C2C7DF9A2008C8DAE /* Preview Content */,
			);
			path = "E-commerce-UI";
			sourceTree = "<group>";
		};
		84EB368C2C7DF9A2008C8DAE /* Preview Content */ = {
			isa = PBXGroup;
			children = (
				84EB368D2C7DF9A2008C8DAE /* Preview Assets.xcassets */,
			);
			path = "Preview Content";
			sourceTree = "<group>";
		};
		84EB36962C7DF9A2008C8DAE /* E-commerce-UITests */ = {
			isa = PBXGroup;
			children = (
				84EB36972C7DF9A2008C8DAE /* E_commerce_UITests.swift */,
			);
			path = "E-commerce-UITests";
			sourceTree = "<group>";
		};
		84EB36A02C7DF9A2008C8DAE /* E-commerce-UIUITests */ = {
			isa = PBXGroup;
			children = (
				84EB36A12C7DF9A2008C8DAE /* E_commerce_UIUITests.swift */,
				84EB36A32C7DF9A2008C8DAE /* E_commerce_UIUITestsLaunchTests.swift */,
			);
			path = "E-commerce-UIUITests";
			sourceTree = "<group>";
		};
		84EB36B02C7DFA33008C8DAE /* Model */ = {
			isa = PBXGroup;
			children = (
				84EB36B32C7DFE96008C8DAE /* CategoryModel.swift */,
				84EB36B52C7E018F008C8DAE /* ProductItemModel.swift */,
				84EB36B72C7E01DA008C8DAE /* OrderProductModel.swift */,
				847E2B652C7EF88800BFA685 /* OnboardingModel.swift */,
			);
			path = Model;
			sourceTree = "<group>";
		};
		84EB36B12C7DFA3B008C8DAE /* Viewmodel */ = {
			isa = PBXGroup;
			children = (
				84EB36B92C7E03E7008C8DAE /* ProductViewModel.swift */,
			);
			path = Viewmodel;
			sourceTree = "<group>";
		};
		84EB36B22C7DFA42008C8DAE /* View */ = {
			isa = PBXGroup;
			children = (
				84EB36BC2C7E2FCB008C8DAE /* MainScreen */,
				84EB36BB2C7E2FC0008C8DAE /* Authentication */,
			);
			path = View;
			sourceTree = "<group>";
		};
		84EB36BB2C7E2FC0008C8DAE /* Authentication */ = {
			isa = PBXGroup;
			children = (
				84EB36CB2C7E31A3008C8DAE /* RegisterScreenView.swift */,
				84EB36CD2C7E320A008C8DAE /* onboardingScreenView.swift */,
			);
			path = Authentication;
			sourceTree = "<group>";
		};
		84EB36BC2C7E2FCB008C8DAE /* MainScreen */ = {
			isa = PBXGroup;
			children = (
				84EB36CA2C7E310C008C8DAE /* SettingScreen */,
				84EB36C92C7E3101008C8DAE /* FavoriteScreen */,
				84EB36C82C7E30F7008C8DAE /* OrderScreen */,
				84EB36C72C7E30E7008C8DAE /* HomeScreen */,
				84EB36CF2C7E3249008C8DAE /* MainScreenView.swift */,
			);
			path = MainScreen;
			sourceTree = "<group>";
		};
		84EB36C72C7E30E7008C8DAE /* HomeScreen */ = {
			isa = PBXGroup;
			children = (
				84EB36BD2C7E301D008C8DAE /* HomeScreenView.swift */,
			);
			path = HomeScreen;
			sourceTree = "<group>";
		};
		84EB36C82C7E30F7008C8DAE /* OrderScreen */ = {
			isa = PBXGroup;
			children = (
				84EB36BF2C7E302F008C8DAE /* MyOrderScreenView.swift */,
			);
			path = OrderScreen;
			sourceTree = "<group>";
		};
		84EB36C92C7E3101008C8DAE /* FavoriteScreen */ = {
			isa = PBXGroup;
			children = (
				84EB36C12C7E303F008C8DAE /* FavoriteScreenView.swift */,
			);
			path = FavoriteScreen;
			sourceTree = "<group>";
		};
		84EB36CA2C7E310C008C8DAE /* SettingScreen */ = {
			isa = PBXGroup;
			children = (
				84EB36C32C7E304E008C8DAE /* ProfileScreenView.swift */,
			);
			path = SettingScreen;
			sourceTree = "<group>";
		};
/* End PBXGroup section */

/* Begin PBXNativeTarget section */
		84EB36822C7DF99F008C8DAE /* E-commerce-UI */ = {
			isa = PBXNativeTarget;
			buildConfigurationList = 84EB36A72C7DF9A2008C8DAE /* Build configuration list for PBXNativeTarget "E-commerce-UI" */;
			buildPhases = (
				84EB367F2C7DF99F008C8DAE /* Sources */,
				84EB36802C7DF99F008C8DAE /* Frameworks */,
				84EB36812C7DF99F008C8DAE /* Resources */,
			);
			buildRules = (
			);
			dependencies = (
			);
			name = "E-commerce-UI";
			productName = "E-commerce-UI";
			productReference = 84EB36832C7DF99F008C8DAE /* E-commerce-UI.app */;
			productType = "com.apple.product-type.application";
		};
		84EB36922C7DF9A2008C8DAE /* E-commerce-UITests */ = {
			isa = PBXNativeTarget;
			buildConfigurationList = 84EB36AA2C7DF9A2008C8DAE /* Build configuration list for PBXNativeTarget "E-commerce-UITests" */;
			buildPhases = (
				84EB368F2C7DF9A2008C8DAE /* Sources */,
				84EB36902C7DF9A2008C8DAE /* Frameworks */,
				84EB36912C7DF9A2008C8DAE /* Resources */,
			);
			buildRules = (
			);
			dependencies = (
				84EB36952C7DF9A2008C8DAE /* PBXTargetDependency */,
			);
			name = "E-commerce-UITests";
			productName = "E-commerce-UITests";
			productReference = 84EB36932C7DF9A2008C8DAE /* E-commerce-UITests.xctest */;
			productType = "com.apple.product-type.bundle.unit-test";
		};
		84EB369C2C7DF9A2008C8DAE /* E-commerce-UIUITests */ = {
			isa = PBXNativeTarget;
			buildConfigurationList = 84EB36AD2C7DF9A2008C8DAE /* Build configuration list for PBXNativeTarget "E-commerce-UIUITests" */;
			buildPhases = (
				84EB36992C7DF9A2008C8DAE /* Sources */,
				84EB369A2C7DF9A2008C8DAE /* Frameworks */,
				84EB369B2C7DF9A2008C8DAE /* Resources */,
			);
			buildRules = (
			);
			dependencies = (
				84EB369F2C7DF9A2008C8DAE /* PBXTargetDependency */,
			);
			name = "E-commerce-UIUITests";
			productName = "E-commerce-UIUITests";
			productReference = 84EB369D2C7DF9A2008C8DAE /* E-commerce-UIUITests.xctest */;
			productType = "com.apple.product-type.bundle.ui-testing";
		};
/* End PBXNativeTarget section */

/* Begin PBXProject section */
		84EB367B2C7DF99F008C8DAE /* Project object */ = {
			isa = PBXProject;
			attributes = {
				BuildIndependentTargetsInParallel = 1;
				LastSwiftUpdateCheck = 1540;
				LastUpgradeCheck = 1540;
				TargetAttributes = {
					84EB36822C7DF99F008C8DAE = {
						CreatedOnToolsVersion = 15.4;
					};
					84EB36922C7DF9A2008C8DAE = {
						CreatedOnToolsVersion = 15.4;
						TestTargetID = 84EB36822C7DF99F008C8DAE;
					};
					84EB369C2C7DF9A2008C8DAE = {
						CreatedOnToolsVersion = 15.4;
						TestTargetID = 84EB36822C7DF99F008C8DAE;
					};
				};
			};
			buildConfigurationList = 84EB367E2C7DF99F008C8DAE /* Build configuration list for PBXProject "E-commerce-UI" */;
			compatibilityVersion = "Xcode 14.0";
			developmentRegion = en;
			hasScannedForEncodings = 0;
			knownRegions = (
				en,
				Base,
			);
			mainGroup = 84EB367A2C7DF99F008C8DAE;
			productRefGroup = 84EB36842C7DF99F008C8DAE /* Products */;
			projectDirPath = "";
			projectRoot = "";
			targets = (
				84EB36822C7DF99F008C8DAE /* E-commerce-UI */,
				84EB36922C7DF9A2008C8DAE /* E-commerce-UITests */,
				84EB369C2C7DF9A2008C8DAE /* E-commerce-UIUITests */,
			);
		};
/* End PBXProject section */

/* Begin PBXResourcesBuildPhase section */
		84EB36812C7DF99F008C8DAE /* Resources */ = {
			isa = PBXResourcesBuildPhase;
			buildActionMask = 2147483647;
			files = (
				84EB368E2C7DF9A2008C8DAE /* Preview Assets.xcassets in Resources */,
				84EB368B2C7DF9A2008C8DAE /* Assets.xcassets in Resources */,
			);
			runOnlyForDeploymentPostprocessing = 0;
		};
		84EB36912C7DF9A2008C8DAE /* Resources */ = {
			isa = PBXResourcesBuildPhase;
			buildActionMask = 2147483647;
			files = (
			);
			runOnlyForDeploymentPostprocessing = 0;
		};
		84EB369B2C7DF9A2008C8DAE /* Resources */ = {
			isa = PBXResourcesBuildPhase;
			buildActionMask = 2147483647;
			files = (
			);
			runOnlyForDeploymentPostprocessing = 0;
		};
/* End PBXResourcesBuildPhase section */

/* Begin PBXSourcesBuildPhase section */
		84EB367F2C7DF99F008C8DAE /* Sources */ = {
			isa = PBXSourcesBuildPhase;
			buildActionMask = 2147483647;
			files = (
				84EB36B42C7DFE96008C8DAE /* CategoryModel.swift in Sources */,
				84EB36BA2C7E03E7008C8DAE /* ProductViewModel.swift in Sources */,
				84EB36CE2C7E320A008C8DAE /* onboardingScreenView.swift in Sources */,
				847E2B692C7EFD3E00BFA685 /* UIExtension.swift in Sources */,
				84EB36B62C7E018F008C8DAE /* ProductItemModel.swift in Sources */,
				84EB36C42C7E304E008C8DAE /* ProfileScreenView.swift in Sources */,
				84EB36CC2C7E31A3008C8DAE /* RegisterScreenView.swift in Sources */,
				84EB36872C7DF99F008C8DAE /* E_commerce_UIApp.swift in Sources */,
				84EB36D02C7E3249008C8DAE /* MainScreenView.swift in Sources */,
				84EB36BE2C7E301D008C8DAE /* HomeScreenView.swift in Sources */,
				84EB36B82C7E01DA008C8DAE /* OrderProductModel.swift in Sources */,
				84EB36C22C7E303F008C8DAE /* FavoriteScreenView.swift in Sources */,
				847E2B662C7EF88800BFA685 /* OnboardingModel.swift in Sources */,
				84EB36C02C7E302F008C8DAE /* MyOrderScreenView.swift in Sources */,
			);
			runOnlyForDeploymentPostprocessing = 0;
		};
		84EB368F2C7DF9A2008C8DAE /* Sources */ = {
			isa = PBXSourcesBuildPhase;
			buildActionMask = 2147483647;
			files = (
				84EB36982C7DF9A2008C8DAE /* E_commerce_UITests.swift in Sources */,
			);
			runOnlyForDeploymentPostprocessing = 0;
		};
		84EB36992C7DF9A2008C8DAE /* Sources */ = {
			isa = PBXSourcesBuildPhase;
			buildActionMask = 2147483647;
			files = (
				84EB36A22C7DF9A2008C8DAE /* E_commerce_UIUITests.swift in Sources */,
				84EB36A42C7DF9A2008C8DAE /* E_commerce_UIUITestsLaunchTests.swift in Sources */,
			);
			runOnlyForDeploymentPostprocessing = 0;
		};
/* End PBXSourcesBuildPhase section */

/* Begin PBXTargetDependency section */
		84EB36952C7DF9A2008C8DAE /* PBXTargetDependency */ = {
			isa = PBXTargetDependency;
			target = 84EB36822C7DF99F008C8DAE /* E-commerce-UI */;
			targetProxy = 84EB36942C7DF9A2008C8DAE /* PBXContainerItemProxy */;
		};
		84EB369F2C7DF9A2008C8DAE /* PBXTargetDependency */ = {
			isa = PBXTargetDependency;
			target = 84EB36822C7DF99F008C8DAE /* E-commerce-UI */;
			targetProxy = 84EB369E2C7DF9A2008C8DAE /* PBXContainerItemProxy */;
		};
/* End PBXTargetDependency section */

/* Begin XCBuildConfiguration section */
		84EB36A52C7DF9A2008C8DAE /* Debug */ = {
			isa = XCBuildConfiguration;
			buildSettings = {
				ALWAYS_SEARCH_USER_PATHS = NO;
				ASSETCATALOG_COMPILER_GENERATE_SWIFT_ASSET_SYMBOL_EXTENSIONS = YES;
				CLANG_ANALYZER_NONNULL = YES;
				CLANG_ANALYZER_NUMBER_OBJECT_CONVERSION = YES_AGGRESSIVE;
				CLANG_CXX_LANGUAGE_STANDARD = "gnu++20";
				CLANG_ENABLE_MODULES = YES;
				CLANG_ENABLE_OBJC_ARC = YES;
				CLANG_ENABLE_OBJC_WEAK = YES;
				CLANG_WARN_BLOCK_CAPTURE_AUTORELEASING = YES;
				CLANG_WARN_BOOL_CONVERSION = YES;
				CLANG_WARN_COMMA = YES;
				CLANG_WARN_CONSTANT_CONVERSION = YES;
				CLANG_WARN_DEPRECATED_OBJC_IMPLEMENTATIONS = YES;
				CLANG_WARN_DIRECT_OBJC_ISA_USAGE = YES_ERROR;
				CLANG_WARN_DOCUMENTATION_COMMENTS = YES;
				CLANG_WARN_EMPTY_BODY = YES;
				CLANG_WARN_ENUM_CONVERSION = YES;
				CLANG_WARN_INFINITE_RECURSION = YES;
				CLANG_WARN_INT_CONVERSION = YES;
				CLANG_WARN_NON_LITERAL_NULL_CONVERSION = YES;
				CLANG_WARN_OBJC_IMPLICIT_RETAIN_SELF = YES;
				CLANG_WARN_OBJC_LITERAL_CONVERSION = YES;
				CLANG_WARN_OBJC_ROOT_CLASS = YES_ERROR;
				CLANG_WARN_QUOTED_INCLUDE_IN_FRAMEWORK_HEADER = YES;
				CLANG_WARN_RANGE_LOOP_ANALYSIS = YES;
				CLANG_WARN_STRICT_PROTOTYPES = YES;
				CLANG_WARN_SUSPICIOUS_MOVE = YES;
				CLANG_WARN_UNGUARDED_AVAILABILITY = YES_AGGRESSIVE;
				CLANG_WARN_UNREACHABLE_CODE = YES;
				CLANG_WARN__DUPLICATE_METHOD_MATCH = YES;
				COPY_PHASE_STRIP = NO;
				DEBUG_INFORMATION_FORMAT = dwarf;
				ENABLE_STRICT_OBJC_MSGSEND = YES;
				ENABLE_TESTABILITY = YES;
				ENABLE_USER_SCRIPT_SANDBOXING = YES;
				GCC_C_LANGUAGE_STANDARD = gnu17;
				GCC_DYNAMIC_NO_PIC = NO;
				GCC_NO_COMMON_BLOCKS = YES;
				GCC_OPTIMIZATION_LEVEL = 0;
				GCC_PREPROCESSOR_DEFINITIONS = (
					"DEBUG=1",
					"$(inherited)",
				);
				GCC_WARN_64_TO_32_BIT_CONVERSION = YES;
				GCC_WARN_ABOUT_RETURN_TYPE = YES_ERROR;
				GCC_WARN_UNDECLARED_SELECTOR = YES;
				GCC_WARN_UNINITIALIZED_AUTOS = YES_AGGRESSIVE;
				GCC_WARN_UNUSED_FUNCTION = YES;
				GCC_WARN_UNUSED_VARIABLE = YES;
				IPHONEOS_DEPLOYMENT_TARGET = 17.5;
				LOCALIZATION_PREFERS_STRING_CATALOGS = YES;
				MTL_ENABLE_DEBUG_INFO = INCLUDE_SOURCE;
				MTL_FAST_MATH = YES;
				ONLY_ACTIVE_ARCH = YES;
				SDKROOT = iphoneos;
				SWIFT_ACTIVE_COMPILATION_CONDITIONS = "DEBUG $(inherited)";
				SWIFT_OPTIMIZATION_LEVEL = "-Onone";
			};
			name = Debug;
		};
		84EB36A62C7DF9A2008C8DAE /* Release */ = {
			isa = XCBuildConfiguration;
			buildSettings = {
				ALWAYS_SEARCH_USER_PATHS = NO;
				ASSETCATALOG_COMPILER_GENERATE_SWIFT_ASSET_SYMBOL_EXTENSIONS = YES;
				CLANG_ANALYZER_NONNULL = YES;
				CLANG_ANALYZER_NUMBER_OBJECT_CONVERSION = YES_AGGRESSIVE;
				CLANG_CXX_LANGUAGE_STANDARD = "gnu++20";
				CLANG_ENABLE_MODULES = YES;
				CLANG_ENABLE_OBJC_ARC = YES;
				CLANG_ENABLE_OBJC_WEAK = YES;
				CLANG_WARN_BLOCK_CAPTURE_AUTORELEASING = YES;
				CLANG_WARN_BOOL_CONVERSION = YES;
				CLANG_WARN_COMMA = YES;
				CLANG_WARN_CONSTANT_CONVERSION = YES;
				CLANG_WARN_DEPRECATED_OBJC_IMPLEMENTATIONS = YES;
				CLANG_WARN_DIRECT_OBJC_ISA_USAGE = YES_ERROR;
				CLANG_WARN_DOCUMENTATION_COMMENTS = YES;
				CLANG_WARN_EMPTY_BODY = YES;
				CLANG_WARN_ENUM_CONVERSION = YES;
				CLANG_WARN_INFINITE_RECURSION = YES;
				CLANG_WARN_INT_CONVERSION = YES;
				CLANG_WARN_NON_LITERAL_NULL_CONVERSION = YES;
				CLANG_WARN_OBJC_IMPLICIT_RETAIN_SELF = YES;
				CLANG_WARN_OBJC_LITERAL_CONVERSION = YES;
				CLANG_WARN_OBJC_ROOT_CLASS = YES_ERROR;
				CLANG_WARN_QUOTED_INCLUDE_IN_FRAMEWORK_HEADER = YES;
				CLANG_WARN_RANGE_LOOP_ANALYSIS = YES;
				CLANG_WARN_STRICT_PROTOTYPES = YES;
				CLANG_WARN_SUSPICIOUS_MOVE = YES;
				CLANG_WARN_UNGUARDED_AVAILABILITY = YES_AGGRESSIVE;
				CLANG_WARN_UNREACHABLE_CODE = YES;
				CLANG_WARN__DUPLICATE_METHOD_MATCH = YES;
				COPY_PHASE_STRIP = NO;
				DEBUG_INFORMATION_FORMAT = "dwarf-with-dsym";
				ENABLE_NS_ASSERTIONS = NO;
				ENABLE_STRICT_OBJC_MSGSEND = YES;
				ENABLE_USER_SCRIPT_SANDBOXING = YES;
				GCC_C_LANGUAGE_STANDARD = gnu17;
				GCC_NO_COMMON_BLOCKS = YES;
				GCC_WARN_64_TO_32_BIT_CONVERSION = YES;
				GCC_WARN_ABOUT_RETURN_TYPE = YES_ERROR;
				GCC_WARN_UNDECLARED_SELECTOR = YES;
				GCC_WARN_UNINITIALIZED_AUTOS = YES_AGGRESSIVE;
				GCC_WARN_UNUSED_FUNCTION = YES;
				GCC_WARN_UNUSED_VARIABLE = YES;
				IPHONEOS_DEPLOYMENT_TARGET = 17.5;
				LOCALIZATION_PREFERS_STRING_CATALOGS = YES;
				MTL_ENABLE_DEBUG_INFO = NO;
				MTL_FAST_MATH = YES;
				SDKROOT = iphoneos;
				SWIFT_COMPILATION_MODE = wholemodule;
				VALIDATE_PRODUCT = YES;
			};
			name = Release;
		};
		84EB36A82C7DF9A2008C8DAE /* Debug */ = {
			isa = XCBuildConfiguration;
			buildSettings = {
				ASSETCATALOG_COMPILER_APPICON_NAME = AppIcon;
				ASSETCATALOG_COMPILER_GLOBAL_ACCENT_COLOR_NAME = AccentColor;
				CODE_SIGN_STYLE = Automatic;
				CURRENT_PROJECT_VERSION = 1;
				DEVELOPMENT_ASSET_PATHS = "\"E-commerce-UI/Preview Content\"";
				ENABLE_PREVIEWS = YES;
				GENERATE_INFOPLIST_FILE = YES;
				INFOPLIST_KEY_UIApplicationSceneManifest_Generation = YES;
				INFOPLIST_KEY_UIApplicationSupportsIndirectInputEvents = YES;
				INFOPLIST_KEY_UILaunchScreen_Generation = YES;
				INFOPLIST_KEY_UISupportedInterfaceOrientations_iPad = "UIInterfaceOrientationPortrait UIInterfaceOrientationPortraitUpsideDown UIInterfaceOrientationLandscapeLeft UIInterfaceOrientationLandscapeRight";
				INFOPLIST_KEY_UISupportedInterfaceOrientations_iPhone = "UIInterfaceOrientationPortrait UIInterfaceOrientationLandscapeLeft UIInterfaceOrientationLandscapeRight";
				LD_RUNPATH_SEARCH_PATHS = (
					"$(inherited)",
					"@executable_path/Frameworks",
				);
				MARKETING_VERSION = 1.0;
				PRODUCT_BUNDLE_IDENTIFIER = "com.E-commerce-UI";
				PRODUCT_NAME = "$(TARGET_NAME)";
				SWIFT_EMIT_LOC_STRINGS = YES;
				SWIFT_VERSION = 5.0;
				TARGETED_DEVICE_FAMILY = "1,2";
			};
			name = Debug;
		};
		84EB36A92C7DF9A2008C8DAE /* Release */ = {
			isa = XCBuildConfiguration;
			buildSettings = {
				ASSETCATALOG_COMPILER_APPICON_NAME = AppIcon;
				ASSETCATALOG_COMPILER_GLOBAL_ACCENT_COLOR_NAME = AccentColor;
				CODE_SIGN_STYLE = Automatic;
				CURRENT_PROJECT_VERSION = 1;
				DEVELOPMENT_ASSET_PATHS = "\"E-commerce-UI/Preview Content\"";
				ENABLE_PREVIEWS = YES;
				GENERATE_INFOPLIST_FILE = YES;
				INFOPLIST_KEY_UIApplicationSceneManifest_Generation = YES;
				INFOPLIST_KEY_UIApplicationSupportsIndirectInputEvents = YES;
				INFOPLIST_KEY_UILaunchScreen_Generation = YES;
				INFOPLIST_KEY_UISupportedInterfaceOrientations_iPad = "UIInterfaceOrientationPortrait UIInterfaceOrientationPortraitUpsideDown UIInterfaceOrientationLandscapeLeft UIInterfaceOrientationLandscapeRight";
				INFOPLIST_KEY_UISupportedInterfaceOrientations_iPhone = "UIInterfaceOrientationPortrait UIInterfaceOrientationLandscapeLeft UIInterfaceOrientationLandscapeRight";
				LD_RUNPATH_SEARCH_PATHS = (
					"$(inherited)",
					"@executable_path/Frameworks",
				);
				MARKETING_VERSION = 1.0;
				PRODUCT_BUNDLE_IDENTIFIER = "com.E-commerce-UI";
				PRODUCT_NAME = "$(TARGET_NAME)";
				SWIFT_EMIT_LOC_STRINGS = YES;
				SWIFT_VERSION = 5.0;
				TARGETED_DEVICE_FAMILY = "1,2";
			};
			name = Release;
		};
		84EB36AB2C7DF9A2008C8DAE /* Debug */ = {
			isa = XCBuildConfiguration;
			buildSettings = {
				ALWAYS_EMBED_SWIFT_STANDARD_LIBRARIES = YES;
				BUNDLE_LOADER = "$(TEST_HOST)";
				CODE_SIGN_STYLE = Automatic;
				CURRENT_PROJECT_VERSION = 1;
				GENERATE_INFOPLIST_FILE = YES;
				IPHONEOS_DEPLOYMENT_TARGET = 17.5;
				MARKETING_VERSION = 1.0;
				PRODUCT_BUNDLE_IDENTIFIER = "com.E-commerce-UITests";
				PRODUCT_NAME = "$(TARGET_NAME)";
				SWIFT_EMIT_LOC_STRINGS = NO;
				SWIFT_VERSION = 5.0;
				TARGETED_DEVICE_FAMILY = "1,2";
				TEST_HOST = "$(BUILT_PRODUCTS_DIR)/E-commerce-UI.app/$(BUNDLE_EXECUTABLE_FOLDER_PATH)/E-commerce-UI";
			};
			name = Debug;
		};
		84EB36AC2C7DF9A2008C8DAE /* Release */ = {
			isa = XCBuildConfiguration;
			buildSettings = {
				ALWAYS_EMBED_SWIFT_STANDARD_LIBRARIES = YES;
				BUNDLE_LOADER = "$(TEST_HOST)";
				CODE_SIGN_STYLE = Automatic;
				CURRENT_PROJECT_VERSION = 1;
				GENERATE_INFOPLIST_FILE = YES;
				IPHONEOS_DEPLOYMENT_TARGET = 17.5;
				MARKETING_VERSION = 1.0;
				PRODUCT_BUNDLE_IDENTIFIER = "com.E-commerce-UITests";
				PRODUCT_NAME = "$(TARGET_NAME)";
				SWIFT_EMIT_LOC_STRINGS = NO;
				SWIFT_VERSION = 5.0;
				TARGETED_DEVICE_FAMILY = "1,2";
				TEST_HOST = "$(BUILT_PRODUCTS_DIR)/E-commerce-UI.app/$(BUNDLE_EXECUTABLE_FOLDER_PATH)/E-commerce-UI";
			};
			name = Release;
		};
		84EB36AE2C7DF9A2008C8DAE /* Debug */ = {
			isa = XCBuildConfiguration;
			buildSettings = {
				ALWAYS_EMBED_SWIFT_STANDARD_LIBRARIES = YES;
				CODE_SIGN_STYLE = Automatic;
				CURRENT_PROJECT_VERSION = 1;
				GENERATE_INFOPLIST_FILE = YES;
				MARKETING_VERSION = 1.0;
				PRODUCT_BUNDLE_IDENTIFIER = "com.E-commerce-UIUITests";
				PRODUCT_NAME = "$(TARGET_NAME)";
				SWIFT_EMIT_LOC_STRINGS = NO;
				SWIFT_VERSION = 5.0;
				TARGETED_DEVICE_FAMILY = "1,2";
				TEST_TARGET_NAME = "E-commerce-UI";
			};
			name = Debug;
		};
		84EB36AF2C7DF9A2008C8DAE /* Release */ = {
			isa = XCBuildConfiguration;
			buildSettings = {
				ALWAYS_EMBED_SWIFT_STANDARD_LIBRARIES = YES;
				CODE_SIGN_STYLE = Automatic;
				CURRENT_PROJECT_VERSION = 1;
				GENERATE_INFOPLIST_FILE = YES;
				MARKETING_VERSION = 1.0;
				PRODUCT_BUNDLE_IDENTIFIER = "com.E-commerce-UIUITests";
				PRODUCT_NAME = "$(TARGET_NAME)";
				SWIFT_EMIT_LOC_STRINGS = NO;
				SWIFT_VERSION = 5.0;
				TARGETED_DEVICE_FAMILY = "1,2";
				TEST_TARGET_NAME = "E-commerce-UI";
			};
			name = Release;
		};
/* End XCBuildConfiguration section */

/* Begin XCConfigurationList section */
		84EB367E2C7DF99F008C8DAE /* Build configuration list for PBXProject "E-commerce-UI" */ = {
			isa = XCConfigurationList;
			buildConfigurations = (
				84EB36A52C7DF9A2008C8DAE /* Debug */,
				84EB36A62C7DF9A2008C8DAE /* Release */,
			);
			defaultConfigurationIsVisible = 0;
			defaultConfigurationName = Release;
		};
		84EB36A72C7DF9A2008C8DAE /* Build configuration list for PBXNativeTarget "E-commerce-UI" */ = {
			isa = XCConfigurationList;
			buildConfigurations = (
				84EB36A82C7DF9A2008C8DAE /* Debug */,
				84EB36A92C7DF9A2008C8DAE /* Release */,
			);
			defaultConfigurationIsVisible = 0;
			defaultConfigurationName = Release;
		};
		84EB36AA2C7DF9A2008C8DAE /* Build configuration list for PBXNativeTarget "E-commerce-UITests" */ = {
			isa = XCConfigurationList;
			buildConfigurations = (
				84EB36AB2C7DF9A2008C8DAE /* Debug */,
				84EB36AC2C7DF9A2008C8DAE /* Release */,
			);
			defaultConfigurationIsVisible = 0;
			defaultConfigurationName = Release;
		};
		84EB36AD2C7DF9A2008C8DAE /* Build configuration list for PBXNativeTarget "E-commerce-UIUITests" */ = {
			isa = XCConfigurationList;
			buildConfigurations = (
				84EB36AE2C7DF9A2008C8DAE /* Debug */,
				84EB36AF2C7DF9A2008C8DAE /* Release */,
			);
			defaultConfigurationIsVisible = 0;
			defaultConfigurationName = Release;
		};
/* End XCConfigurationList section */
	};
	rootObject = 84EB367B2C7DF99F008C8DAE /* Project object */;
}
